{
  "name": "playground",
  "version": "1.0.0",
  "lockfileVersion": 3,
  "requires": true,
  "packages": {
    "": {
      "name": "playground",
      "version": "1.0.0",
      "license": "ISC",
      "devDependencies": {
        "micro-server": "file:../micro-server"
      }
    },
    "../micro-server": {
      "version": "1.0.0",
      "dev": true,
      "license": "ISC",
      "dependencies": {
        "cac": "^6.7.14"
      },
      "bin": {
        "micro-server": "cli.js"
      },
      "devDependencies": {
        "tsup": "^8.0.2",
        "typescript": "^5.4.5"
      }
    },
    "node_modules/micro-server": {
      "resolved": "../micro-server",
      "link": true
    }
  }
}
